# This file is automatically @generated by Cargo.
# It is not intended for manual editing.
version = 4

[[package]]
name = "core-tests"
version = "0.1.0"

[[package]]
name = "edge-cases"
version = "0.1.0"
dependencies = [
 "core-tests",
]

[[package]]
name = "fuzz-tests"
version = "0.1.0"

[[package]]
name = "integration-tests"
version = "0.1.0"
dependencies = [
 "core-tests",
 "semantic-tests",
 "syntax-tests",
]

[[package]]
name = "performance-tests"
version = "0.1.0"

[[package]]
name = "semantic-tests"
version = "0.1.0"
dependencies = [
 "core-tests",
]

[[package]]
name = "syntax-tests"
version = "0.1.0"
dependencies = [
 "core-tests",
]
